// !$*UTF8*$!
{
	archiveVersion = 1;
	classes = {
	};
	objectVersion = 46;
	objects = {

/* Begin PBXBuildFile section */
		7434FB6B199F1E1A001FFA2E /* Foundation.framework in Frameworks */ = {isa = PBXBuildFile; fileRef = 7434FB6A199F1E1A001FFA2E /* Foundation.framework */; };
		7434FB6D199F1E1A001FFA2E /* CoreGraphics.framework in Frameworks */ = {isa = PBXBuildFile; fileRef = 7434FB6C199F1E1A001FFA2E /* CoreGraphics.framework */; };
		7434FB6F199F1E1A001FFA2E /* UIKit.framework in Frameworks */ = {isa = PBXBuildFile; fileRef = 7434FB6E199F1E1A001FFA2E /* UIKit.framework */; };
		7434FB75199F1E1A001FFA2E /* InfoPlist.strings in Resources */ = {isa = PBXBuildFile; fileRef = 7434FB73199F1E1A001FFA2E /* InfoPlist.strings */; };
		7434FB77199F1E1A001FFA2E /* main.m in Sources */ = {isa = PBXBuildFile; fileRef = 7434FB76199F1E1A001FFA2E /* main.m */; };
		7434FB7B199F1E1A001FFA2E /* CCAppDelegate.m in Sources */ = {isa = PBXBuildFile; fileRef = 7434FB7A199F1E1A001FFA2E /* CCAppDelegate.m */; };
		7434FB7E199F1E1A001FFA2E /* Main.storyboard in Resources */ = {isa = PBXBuildFile; fileRef = 7434FB7C199F1E1A001FFA2E /* Main.storyboard */; };
		7434FB81199F1E1A001FFA2E /* CCFirstViewController.m in Sources */ = {isa = PBXBuildFile; fileRef = 7434FB80199F1E1A001FFA2E /* CCFirstViewController.m */; };
		7434FB84199F1E1A001FFA2E /* CCSecondViewController.m in Sources */ = {isa = PBXBuildFile; fileRef = 7434FB83199F1E1A001FFA2E /* CCSecondViewController.m */; };
		7434FB86199F1E1A001FFA2E /* Images.xcassets in Resources */ = {isa = PBXBuildFile; fileRef = 7434FB85199F1E1A001FFA2E /* Images.xcassets */; };
		7434FB8D199F1E1A001FFA2E /* XCTest.framework in Frameworks */ = {isa = PBXBuildFile; fileRef = 7434FB8C199F1E1A001FFA2E /* XCTest.framework */; };
		7434FB8E199F1E1A001FFA2E /* Foundation.framework in Frameworks */ = {isa = PBXBuildFile; fileRef = 7434FB6A199F1E1A001FFA2E /* Foundation.framework */; };
		7434FB8F199F1E1A001FFA2E /* UIKit.framework in Frameworks */ = {isa = PBXBuildFile; fileRef = 7434FB6E199F1E1A001FFA2E /* UIKit.framework */; };
		7434FB97199F1E1A001FFA2E /* InfoPlist.strings in Resources */ = {isa = PBXBuildFile; fileRef = 7434FB95199F1E1A001FFA2E /* InfoPlist.strings */; };
		7434FB99199F1E1A001FFA2E /* MatchedUpTests.m in Sources */ = {isa = PBXBuildFile; fileRef = 7434FB98199F1E1A001FFA2E /* MatchedUpTests.m */; };
/* End PBXBuildFile section */

/* Begin PBXContainerItemProxy section */
		7434FB90199F1E1A001FFA2E /* PBXContainerItemProxy */ = {
			isa = PBXContainerItemProxy;
			containerPortal = 7434FB5F199F1E1A001FFA2E /* Project object */;
			proxyType = 1;
			remoteGlobalIDString = 7434FB66199F1E1A001FFA2E;
			remoteInfo = MatchedUp;
		};
/* End PBXContainerItemProxy section */

/* Begin PBXFileReference section */
		7434FB67199F1E1A001FFA2E /* MatchedUp.app */ = {isa = PBXFileReference; explicitFileType = wrapper.application; includeInIndex = 0; path = MatchedUp.app; sourceTree = BUILT_PRODUCTS_DIR; };
		7434FB6A199F1E1A001FFA2E /* Foundation.framework */ = {isa = PBXFileReference; lastKnownFileType = wrapper.framework; name = Foundation.framework; path = System/Library/Frameworks/Foundation.framework; sourceTree = SDKROOT; };
		7434FB6C199F1E1A001FFA2E /* CoreGraphics.framework */ = {isa = PBXFileReference; lastKnownFileType = wrapper.framework; name = CoreGraphics.framework; path = System/Library/Frameworks/CoreGraphics.framework; sourceTree = SDKROOT; };
		7434FB6E199F1E1A001FFA2E /* UIKit.framework */ = {isa = PBXFileReference; lastKnownFileType = wrapper.framework; name = UIKit.framework; path = System/Library/Frameworks/UIKit.framework; sourceTree = SDKROOT; };
		7434FB72199F1E1A001FFA2E /* MatchedUp-Info.plist */ = {isa = PBXFileReference; lastKnownFileType = text.plist.xml; path = "MatchedUp-Info.plist"; sourceTree = "<group>"; };
		7434FB74199F1E1A001FFA2E /* en */ = {isa = PBXFileReference; lastKnownFileType = text.plist.strings; name = en; path = en.lproj/InfoPlist.strings; sourceTree = "<group>"; };
		7434FB76199F1E1A001FFA2E /* main.m */ = {isa = PBXFileReference; lastKnownFileType = sourcecode.c.objc; path = main.m; sourceTree = "<group>"; };
		7434FB78199F1E1A001FFA2E /* MatchedUp-Prefix.pch */ = {isa = PBXFileReference; lastKnownFileType = sourcecode.c.h; path = "MatchedUp-Prefix.pch"; sourceTree = "<group>"; };
		7434FB79199F1E1A001FFA2E /* CCAppDelegate.h */ = {isa = PBXFileReference; lastKnownFileType = sourcecode.c.h; path = CCAppDelegate.h; sourceTree = "<group>"; };
		7434FB7A199F1E1A001FFA2E /* CCAppDelegate.m */ = {isa = PBXFileReference; lastKnownFileType = sourcecode.c.objc; path = CCAppDelegate.m; sourceTree = "<group>"; };
		7434FB7D199F1E1A001FFA2E /* Base */ = {isa = PBXFileReference; lastKnownFileType = file.storyboard; name = Base; path = Base.lproj/Main.storyboard; sourceTree = "<group>"; };
		7434FB7F199F1E1A001FFA2E /* CCFirstViewController.h */ = {isa = PBXFileReference; lastKnownFileType = sourcecode.c.h; path = CCFirstViewController.h; sourceTree = "<group>"; };
		7434FB80199F1E1A001FFA2E /* CCFirstViewController.m */ = {isa = PBXFileReference; lastKnownFileType = sourcecode.c.objc; path = CCFirstViewController.m; sourceTree = "<group>"; };
		7434FB82199F1E1A001FFA2E /* CCSecondViewController.h */ = {isa = PBXFileReference; lastKnownFileType = sourcecode.c.h; path = CCSecondViewController.h; sourceTree = "<group>"; };
		7434FB83199F1E1A001FFA2E /* CCSecondViewController.m */ = {isa = PBXFileReference; lastKnownFileType = sourcecode.c.objc; path = CCSecondViewController.m; sourceTree = "<group>"; };
		7434FB85199F1E1A001FFA2E /* Images.xcassets */ = {isa = PBXFileReference; lastKnownFileType = folder.assetcatalog; path = Images.xcassets; sourceTree = "<group>"; };
		7434FB8B199F1E1A001FFA2E /* MatchedUpTests.xctest */ = {isa = PBXFileReference; explicitFileType = wrapper.cfbundle; includeInIndex = 0; path = MatchedUpTests.xctest; sourceTree = BUILT_PRODUCTS_DIR; };
		7434FB8C199F1E1A001FFA2E /* XCTest.framework */ = {isa = PBXFileReference; lastKnownFileType = wrapper.framework; name = XCTest.framework; path = Library/Frameworks/XCTest.framework; sourceTree = DEVELOPER_DIR; };
		7434FB94199F1E1A001FFA2E /* MatchedUpTests-Info.plist */ = {isa = PBXFileReference; lastKnownFileType = text.plist.xml; path = "MatchedUpTests-Info.plist"; sourceTree = "<group>"; };
		7434FB96199F1E1A001FFA2E /* en */ = {isa = PBXFileReference; lastKnownFileType = text.plist.strings; name = en; path = en.lproj/InfoPlist.strings; sourceTree = "<group>"; };
		7434FB98199F1E1A001FFA2E /* MatchedUpTests.m */ = {isa = PBXFileReference; lastKnownFileType = sourcecode.c.objc; path = MatchedUpTests.m; sourceTree = "<group>"; };
/* End PBXFileReference section */

/* Begin PBXFrameworksBuildPhase section */
		7434FB64199F1E1A001FFA2E /* Frameworks */ = {
			isa = PBXFrameworksBuildPhase;
			buildActionMask = 2147483647;
			files = (
				7434FB6D199F1E1A001FFA2E /* CoreGraphics.framework in Frameworks */,
				7434FB6F199F1E1A001FFA2E /* UIKit.framework in Frameworks */,
				7434FB6B199F1E1A001FFA2E /* Foundation.framework in Frameworks */,
			);
			runOnlyForDeploymentPostprocessing = 0;
		};
		7434FB88199F1E1A001FFA2E /* Frameworks */ = {
			isa = PBXFrameworksBuildPhase;
			buildActionMask = 2147483647;
			files = (
				7434FB8D199F1E1A001FFA2E /* XCTest.framework in Frameworks */,
				7434FB8F199F1E1A001FFA2E /* UIKit.framework in Frameworks */,
				7434FB8E199F1E1A001FFA2E /* Foundation.framework in Frameworks */,
			);
			runOnlyForDeploymentPostprocessing = 0;
		};
/* End PBXFrameworksBuildPhase section */

/* Begin PBXGroup section */
		7434FB5E199F1E1A001FFA2E = {
			isa = PBXGroup;
			children = (
				7434FB70199F1E1A001FFA2E /* MatchedUp */,
				7434FB92199F1E1A001FFA2E /* MatchedUpTests */,
				7434FB69199F1E1A001FFA2E /* Frameworks */,
				7434FB68199F1E1A001FFA2E /* Products */,
			);
			sourceTree = "<group>";
		};
		7434FB68199F1E1A001FFA2E /* Products */ = {
			isa = PBXGroup;
			children = (
				7434FB67199F1E1A001FFA2E /* MatchedUp.app */,
				7434FB8B199F1E1A001FFA2E /* MatchedUpTests.xctest */,
			);
			name = Products;
			sourceTree = "<group>";
		};
		7434FB69199F1E1A001FFA2E /* Frameworks */ = {
			isa = PBXGroup;
			children = (
				7434FB6A199F1E1A001FFA2E /* Foundation.framework */,
				7434FB6C199F1E1A001FFA2E /* CoreGraphics.framework */,
				7434FB6E199F1E1A001FFA2E /* UIKit.framework */,
				7434FB8C199F1E1A001FFA2E /* XCTest.framework */,
			);
			name = Frameworks;
			sourceTree = "<group>";
		};
		7434FB70199F1E1A001FFA2E /* MatchedUp */ = {
			isa = PBXGroup;
			children = (
				7434FB79199F1E1A001FFA2E /* CCAppDelegate.h */,
				7434FB7A199F1E1A001FFA2E /* CCAppDelegate.m */,
				7434FB7C199F1E1A001FFA2E /* Main.storyboard */,
				7434FB7F199F1E1A001FFA2E /* CCFirstViewController.h */,
				7434FB80199F1E1A001FFA2E /* CCFirstViewController.m */,
				7434FB82199F1E1A001FFA2E /* CCSecondViewController.h */,
				7434FB83199F1E1A001FFA2E /* CCSecondViewController.m */,
				7434FB85199F1E1A001FFA2E /* Images.xcassets */,
				7434FB71199F1E1A001FFA2E /* Supporting Files */,
			);
			path = MatchedUp;
			sourceTree = "<group>";
		};
		7434FB71199F1E1A001FFA2E /* Supporting Files */ = {
			isa = PBXGroup;
			children = (
				7434FB72199F1E1A001FFA2E /* MatchedUp-Info.plist */,
				7434FB73199F1E1A001FFA2E /* InfoPlist.strings */,
				7434FB76199F1E1A001FFA2E /* main.m */,
				7434FB78199F1E1A001FFA2E /* MatchedUp-Prefix.pch */,
			);
			name = "Supporting Files";
			sourceTree = "<group>";
		};
		7434FB92199F1E1A001FFA2E /* MatchedUpTests */ = {
			isa = PBXGroup;
			children = (
				7434FB98199F1E1A001FFA2E /* MatchedUpTests.m */,
				7434FB93199F1E1A001FFA2E /* Supporting Files */,
			);
			path = MatchedUpTests;
			sourceTree = "<group>";
		};
		7434FB93199F1E1A001FFA2E /* Supporting Files */ = {
			isa = PBXGroup;
			children = (
				7434FB94199F1E1A001FFA2E /* MatchedUpTests-Info.plist */,
				7434FB95199F1E1A001FFA2E /* InfoPlist.strings */,
			);
			name = "Supporting Files";
			sourceTree = "<group>";
		};
/* End PBXGroup section */

/* Begin PBXNativeTarget section */
		7434FB66199F1E1A001FFA2E /* MatchedUp */ = {
			isa = PBXNativeTarget;
			buildConfigurationList = 7434FB9C199F1E1A001FFA2E /* Build configuration list for PBXNativeTarget "MatchedUp" */;
			buildPhases = (
				7434FB63199F1E1A001FFA2E /* Sources */,
				7434FB64199F1E1A001FFA2E /* Frameworks */,
				7434FB65199F1E1A001FFA2E /* Resources */,
			);
			buildRules = (
			);
			dependencies = (
			);
			name = MatchedUp;
			productName = MatchedUp;
			productReference = 7434FB67199F1E1A001FFA2E /* MatchedUp.app */;
			productType = "com.apple.product-type.application";
		};
		7434FB8A199F1E1A001FFA2E /* MatchedUpTests */ = {
			isa = PBXNativeTarget;
			buildConfigurationList = 7434FB9F199F1E1A001FFA2E /* Build configuration list for PBXNativeTarget "MatchedUpTests" */;
			buildPhases = (
				7434FB87199F1E1A001FFA2E /* Sources */,
				7434FB88199F1E1A001FFA2E /* Frameworks */,
				7434FB89199F1E1A001FFA2E /* Resources */,
			);
			buildRules = (
			);
			dependencies = (
				7434FB91199F1E1A001FFA2E /* PBXTargetDependency */,
			);
			name = MatchedUpTests;
			productName = MatchedUpTests;
			productReference = 7434FB8B199F1E1A001FFA2E /* MatchedUpTests.xctest */;
			productType = "com.apple.product-type.bundle.unit-test";
		};
/* End PBXNativeTarget section */

/* Begin PBXProject section */
		7434FB5F199F1E1A001FFA2E /* Project object */ = {
			isa = PBXProject;
			attributes = {
				CLASSPREFIX = CC;
				LastUpgradeCheck = 0510;
				ORGANIZATIONNAME = "Code Coalition";
				TargetAttributes = {
					7434FB8A199F1E1A001FFA2E = {
						TestTargetID = 7434FB66199F1E1A001FFA2E;
					};
				};
			};
			buildConfigurationList = 7434FB62199F1E1A001FFA2E /* Build configuration list for PBXProject "MatchedUp" */;
			compatibilityVersion = "Xcode 3.2";
			developmentRegion = English;
			hasScannedForEncodings = 0;
			knownRegions = (
				en,
				Base,
			);
			mainGroup = 7434FB5E199F1E1A001FFA2E;
			productRefGroup = 7434FB68199F1E1A001FFA2E /* Products */;
			projectDirPath = "";
			projectRoot = "";
			targets = (
				7434FB66199F1E1A001FFA2E /* MatchedUp */,
				7434FB8A199F1E1A001FFA2E /* MatchedUpTests */,
			);
		};
/* End PBXProject section */

/* Begin PBXResourcesBuildPhase section */
		7434FB65199F1E1A001FFA2E /* Resources */ = {
			isa = PBXResourcesBuildPhase;
			buildActionMask = 2147483647;
			files = (
				7434FB86199F1E1A001FFA2E /* Images.xcassets in Resources */,
				7434FB75199F1E1A001FFA2E /* InfoPlist.strings in Resources */,
				7434FB7E199F1E1A001FFA2E /* Main.storyboard in Resources */,
			);
			runOnlyForDeploymentPostprocessing = 0;
		};
		7434FB89199F1E1A001FFA2E /* Resources */ = {
			isa = PBXResourcesBuildPhase;
			buildActionMask = 2147483647;
			files = (
				7434FB97199F1E1A001FFA2E /* InfoPlist.strings in Resources */,
			);
			runOnlyForDeploymentPostprocessing = 0;
		};
/* End PBXResourcesBuildPhase section */

/* Begin PBXSourcesBuildPhase section */
		7434FB63199F1E1A001FFA2E /* Sources */ = {
			isa = PBXSourcesBuildPhase;
			buildActionMask = 2147483647;
			files = (
				7434FB84199F1E1A001FFA2E /* CCSecondViewController.m in Sources */,
				7434FB7B199F1E1A001FFA2E /* CCAppDelegate.m in Sources */,
				7434FB81199F1E1A001FFA2E /* CCFirstViewController.m in Sources */,
				7434FB77199F1E1A001FFA2E /* main.m in Sources */,
			);
			runOnlyForDeploymentPostprocessing = 0;
		};
		7434FB87199F1E1A001FFA2E /* Sources */ = {
			isa = PBXSourcesBuildPhase;
			buildActionMask = 2147483647;
			files = (
				7434FB99199F1E1A001FFA2E /* MatchedUpTests.m in Sources */,
			);
			runOnlyForDeploymentPostprocessing = 0;
		};
/* End PBXSourcesBuildPhase section */

/* Begin PBXTargetDependency section */
		7434FB91199F1E1A001FFA2E /* PBXTargetDependency */ = {
			isa = PBXTargetDependency;
			target = 7434FB66199F1E1A001FFA2E /* MatchedUp */;
			targetProxy = 7434FB90199F1E1A001FFA2E /* PBXContainerItemProxy */;
		};
/* End PBXTargetDependency section */

/* Begin PBXVariantGroup section */
		7434FB73199F1E1A001FFA2E /* InfoPlist.strings */ = {
			isa = PBXVariantGroup;
			children = (
				7434FB74199F1E1A001FFA2E /* en */,
			);
			name = InfoPlist.strings;
			sourceTree = "<group>";
		};
		7434FB7C199F1E1A001FFA2E /* Main.storyboard */ = {
			isa = PBXVariantGroup;
			children = (
				7434FB7D199F1E1A001FFA2E /* Base */,
			);
			name = Main.storyboard;
			sourceTree = "<group>";
		};
		7434FB95199F1E1A001FFA2E /* InfoPlist.strings */ = {
			isa = PBXVariantGroup;
			children = (
				7434FB96199F1E1A001FFA2E /* en */,
			);
			name = InfoPlist.strings;
			sourceTree = "<group>";
		};
/* End PBXVariantGroup section */

/* Begin XCBuildConfiguration section */
		7434FB9A199F1E1A001FFA2E /* Debug */ = {
			isa = XCBuildConfiguration;
			buildSettings = {
				ALWAYS_SEARCH_USER_PATHS = NO;
				CLANG_CXX_LANGUAGE_STANDARD = "gnu++0x";
				CLANG_CXX_LIBRARY = "libc++";
				CLANG_ENABLE_MODULES = YES;
				CLANG_ENABLE_OBJC_ARC = YES;
				CLANG_WARN_BOOL_CONVERSION = YES;
				CLANG_WARN_CONSTANT_CONVERSION = YES;
				CLANG_WARN_DIRECT_OBJC_ISA_USAGE = YES_ERROR;
				CLANG_WARN_EMPTY_BODY = YES;
				CLANG_WARN_ENUM_CONVERSION = YES;
				CLANG_WARN_INT_CONVERSION = YES;
				CLANG_WARN_OBJC_ROOT_CLASS = YES_ERROR;
				CLANG_WARN__DUPLICATE_METHOD_MATCH = YES;
				"CODE_SIGN_IDENTITY[sdk=iphoneos*]" = "iPhone Developer";
				COPY_PHASE_STRIP = NO;
				GCC_C_LANGUAGE_STANDARD = gnu99;
				GCC_DYNAMIC_NO_PIC = NO;
				GCC_OPTIMIZATION_LEVEL = 0;
				GCC_PREPROCESSOR_DEFINITIONS = (
					"DEBUG=1",
					"$(inherited)",
				);
				GCC_SYMBOLS_PRIVATE_EXTERN = NO;
				GCC_WARN_64_TO_32_BIT_CONVERSION = YES;
				GCC_WARN_ABOUT_RETURN_TYPE = YES_ERROR;
				GCC_WARN_UNDECLARED_SELECTOR = YES;
				GCC_WARN_UNINITIALIZED_AUTOS = YES_AGGRESSIVE;
				GCC_WARN_UNUSED_FUNCTION = YES;
				GCC_WARN_UNUSED_VARIABLE = YES;
				IPHONEOS_DEPLOYMENT_TARGET = 7.1;
				ONLY_ACTIVE_ARCH = YES;
				SDKROOT = iphoneos;
			};
			name = Debug;
		};
		7434FB9B199F1E1A001FFA2E /* Release */ = {
			isa = XCBuildConfiguration;
			buildSettings = {
				ALWAYS_SEARCH_USER_PATHS = NO;
				CLANG_CXX_LANGUAGE_STANDARD = "gnu++0x";
				CLANG_CXX_LIBRARY = "libc++";
				CLANG_ENABLE_MODULES = YES;
				CLANG_ENABLE_OBJC_ARC = YES;
				CLANG_WARN_BOOL_CONVERSION = YES;
				CLANG_WARN_CONSTANT_CONVERSION = YES;
				CLANG_WARN_DIRECT_OBJC_ISA_USAGE = YES_ERROR;
				CLANG_WARN_EMPTY_BODY = YES;
				CLANG_WARN_ENUM_CONVERSION = YES;
				CLANG_WARN_INT_CONVERSION = YES;
				CLANG_WARN_OBJC_ROOT_CLASS = YES_ERROR;
				CLANG_WARN__DUPLICATE_METHOD_MATCH = YES;
				"CODE_SIGN_IDENTITY[sdk=iphoneos*]" = "iPhone Developer";
				COPY_PHASE_STRIP = YES;
				ENABLE_NS_ASSERTIONS = NO;
				GCC_C_LANGUAGE_STANDARD = gnu99;
				GCC_WARN_64_TO_32_BIT_CONVERSION = YES;
				GCC_WARN_ABOUT_RETURN_TYPE = YES_ERROR;
				GCC_WARN_UNDECLARED_SELECTOR = YES;
				GCC_WARN_UNINITIALIZED_AUTOS = YES_AGGRESSIVE;
				GCC_WARN_UNUSED_FUNCTION = YES;
				GCC_WARN_UNUSED_VARIABLE = YES;
				IPHONEOS_DEPLOYMENT_TARGET = 7.1;
				SDKROOT = iphoneos;
				VALIDATE_PRODUCT = YES;
			};
			name = Release;
		};
		7434FB9D199F1E1A001FFA2E /* Debug */ = {
			isa = XCBuildConfiguration;
			buildSettings = {
				ASSETCATALOG_COMPILER_APPICON_NAME = AppIcon;
				ASSETCATALOG_COMPILER_LAUNCHIMAGE_NAME = LaunchImage;
				GCC_PRECOMPILE_PREFIX_HEADER = YES;
				GCC_PREFIX_HEADER = "MatchedUp/MatchedUp-Prefix.pch";
				INFOPLIST_FILE = "MatchedUp/MatchedUp-Info.plist";
				PRODUCT_NAME = "$(TARGET_NAME)";
				WRAPPER_EXTENSION = app;
			};
			name = Debug;
		};
		7434FB9E199F1E1A001FFA2E /* Release */ = {
			isa = XCBuildConfiguration;
			buildSettings = {
				ASSETCATALOG_COMPILER_APPICON_NAME = AppIcon;
				ASSETCATALOG_COMPILER_LAUNCHIMAGE_NAME = LaunchImage;
				GCC_PRECOMPILE_PREFIX_HEADER = YES;
				GCC_PREFIX_HEADER = "MatchedUp/MatchedUp-Prefix.pch";
				INFOPLIST_FILE = "MatchedUp/MatchedUp-Info.plist";
				PRODUCT_NAME = "$(TARGET_NAME)";
				WRAPPER_EXTENSION = app;
			};
			name = Release;
		};
		7434FBA0199F1E1A001FFA2E /* Debug */ = {
			isa = XCBuildConfiguration;
			buildSettings = {
				BUNDLE_LOADER = "$(BUILT_PRODUCTS_DIR)/MatchedUp.app/MatchedUp";
				FRAMEWORK_SEARCH_PATHS = (
					"$(SDKROOT)/Developer/Library/Frameworks",
					"$(inherited)",
					"$(DEVELOPER_FRAMEWORKS_DIR)",
				);
				GCC_PRECOMPILE_PREFIX_HEADER = YES;
				GCC_PREFIX_HEADER = "MatchedUp/MatchedUp-Prefix.pch";
				GCC_PREPROCESSOR_DEFINITIONS = (
					"DEBUG=1",
					"$(inherited)",
				);
				INFOPLIST_FILE = "MatchedUpTests/MatchedUpTests-Info.plist";
				PRODUCT_NAME = "$(TARGET_NAME)";
				TEST_HOST = "$(BUNDLE_LOADER)";
				WRAPPER_EXTENSION = xctest;
			};
			name = Debug;
		};
		7434FBA1199F1E1A001FFA2E /* Release */ = {
			isa = XCBuildConfiguration;
			buildSettings = {
				BUNDLE_LOADER = "$(BUILT_PRODUCTS_DIR)/MatchedUp.app/MatchedUp";
				FRAMEWORK_SEARCH_PATHS = (
					"$(SDKROOT)/Developer/Library/Frameworks",
					"$(inherited)",
					"$(DEVELOPER_FRAMEWORKS_DIR)",
				);
				GCC_PRECOMPILE_PREFIX_HEADER = YES;
				GCC_PREFIX_HEADER = "MatchedUp/MatchedUp-Prefix.pch";
				INFOPLIST_FILE = "MatchedUpTests/MatchedUpTests-Info.plist";
				PRODUCT_NAME = "$(TARGET_NAME)";
				TEST_HOST = "$(BUNDLE_LOADER)";
				WRAPPER_EXTENSION = xctest;
			};
			name = Release;
		};
/* End XCBuildConfiguration section */

/* Begin XCConfigurationList section */
		7434FB62199F1E1A001FFA2E /* Build configuration list for PBXProject "MatchedUp" */ = {
			isa = XCConfigurationList;
			buildConfigurations = (
				7434FB9A199F1E1A001FFA2E /* Debug */,
				7434FB9B199F1E1A001FFA2E /* Release */,
			);
			defaultConfigurationIsVisible = 0;
			defaultConfigurationName = Release;
		};
		7434FB9C199F1E1A001FFA2E /* Build configuration list for PBXNativeTarget "MatchedUp" */ = {
			isa = XCConfigurationList;
			buildConfigurations = (
				7434FB9D199F1E1A001FFA2E /* Debug */,
				7434FB9E199F1E1A001FFA2E /* Release */,
			);
			defaultConfigurationIsVisible = 0;
		};
		7434FB9F199F1E1A001FFA2E /* Build configuration list for PBXNativeTarget "MatchedUpTests" */ = {
			isa = XCConfigurationList;
			buildConfigurations = (
				7434FBA0199F1E1A001FFA2E /* Debug */,
				7434FBA1199F1E1A001FFA2E /* Release */,
			);
			defaultConfigurationIsVisible = 0;
		};
/* End XCConfigurationList section */
	};
	rootObject = 7434FB5F199F1E1A001FFA2E /* Project object */;
}
